<?xml version="1.0" encoding="utf-8"?>
<Project ToolsVersion="4.0" xmlns="http://schemas.microsoft.com/developer/msbuild/2003">
  <ItemGroup>
    <Filter Include="ソース ファイル">
      <UniqueIdentifier>{4FC737F1-C7A5-4376-A066-2A32D752A2FF}</UniqueIdentifier>
      <Extensions>cpp;c;cc;cxx;c++;cppm;ixx;def;odl;idl;hpj;bat;asm;asmx</Extensions>
    </Filter>
    <Filter Include="ヘッダー ファイル">
      <UniqueIdentifier>{93995380-89BD-4b04-88EB-625FBE52EBFB}</UniqueIdentifier>
      <Extensions>h;hh;hpp;hxx;h++;hm;inl;inc;ipp;xsd</Extensions>
    </Filter>
    <Filter Include="リソース ファイル">
      <UniqueIdentifier>{67DA6AB6-F800-4c08-8B7A-83BB121AAD01}</UniqueIdentifier>
      <Extensions>rc;ico;cur;bmp;dlg;rc2;rct;bin;rgs;gif;jpg;jpeg;jpe;resx;tiff;tif;png;wav;mfcribbon-ms</Extensions>
    </Filter>
    <Filter Include="テスト">
      <UniqueIdentifier>{e2af1b9b-3c8c-4957-84ef-6e436c71effe}</UniqueIdentifier>
    </Filter>
    <Filter Include="ヘッダー ファイル\Layer">
      <UniqueIdentifier>{ca9e6332-fb60-45c1-84c4-a4c506462254}</UniqueIdentifier>
    </Filter>
    <Filter Include="ソース ファイル\Layer">
      <UniqueIdentifier>{12b89d80-b2d2-4fff-89f3-26129b18e82d}</UniqueIdentifier>
    </Filter>
    <Filter Include="ソース ファイル\LossLayer">
      <UniqueIdentifier>{d31ebc29-5058-4b84-8b58-2eacd16fcac1}</UniqueIdentifier>
    </Filter>
    <Filter Include="ヘッダー ファイル\LossLayer">
      <UniqueIdentifier>{d9c399eb-c554-4722-8254-77dd10c8db75}</UniqueIdentifier>
    </Filter>
    <Filter Include="ヘッダー ファイル\Optimizer">
      <UniqueIdentifier>{aa2cd72d-024e-4c76-9ed5-a61a81ed1469}</UniqueIdentifier>
    </Filter>
    <Filter Include="ソース ファイル\Optimizer">
      <UniqueIdentifier>{08606e38-9891-4047-969f-35cc941d4dea}</UniqueIdentifier>
    </Filter>
    <Filter Include="mnist">
      <UniqueIdentifier>{e51e9096-950f-42f2-8c3b-3b00c5549b17}</UniqueIdentifier>
    </Filter>
    <Filter Include="実験">
      <UniqueIdentifier>{620a6a2a-dfaa-4be5-b50b-1c1d0f504a94}</UniqueIdentifier>
    </Filter>
  </ItemGroup>
  <ItemGroup>
    <Text Include="実装メモ.txt">
      <Filter>リソース ファイル</Filter>
    </Text>
  </ItemGroup>
  <ItemGroup>
    <ClInclude Include="Matrix.hpp">
      <Filter>ヘッダー ファイル</Filter>
    </ClInclude>
    <ClInclude Include="Debug.hpp">
      <Filter>ヘッダー ファイル</Filter>
    </ClInclude>
    <ClInclude Include="Timer.hpp">
      <Filter>ヘッダー ファイル</Filter>
    </ClInclude>
    <ClInclude Include="TestMatrix.hpp">
      <Filter>テスト</Filter>
    </ClInclude>
    <ClInclude Include="Common.hpp">
      <Filter>ヘッダー ファイル</Filter>
    </ClInclude>
    <ClInclude Include="Layer.hpp">
      <Filter>ヘッダー ファイル\Layer</Filter>
    </ClInclude>
    <ClInclude Include="Dense.hpp">
      <Filter>ヘッダー ファイル\Layer</Filter>
    </ClInclude>
    <ClInclude Include="NeuralNetwork.hpp">
      <Filter>ヘッダー ファイル</Filter>
    </ClInclude>
    <ClInclude Include="Initializer.hpp">
      <Filter>ヘッダー ファイル</Filter>
    </ClInclude>
    <ClInclude Include="Flatten.hpp">
      <Filter>ヘッダー ファイル\Layer</Filter>
    </ClInclude>
    <ClInclude Include="LossLayer.hpp">
      <Filter>ヘッダー ファイル\LossLayer</Filter>
    </ClInclude>
    <ClInclude Include="SoftmaxCrossEntropyError.hpp">
      <Filter>ヘッダー ファイル\LossLayer</Filter>
    </ClInclude>
    <ClInclude Include="Random.hpp">
      <Filter>ヘッダー ファイル</Filter>
    </ClInclude>
    <ClInclude Include="ReLU.hpp">
      <Filter>ヘッダー ファイル\Layer</Filter>
    </ClInclude>
    <ClInclude Include="TestCommon.hpp">
      <Filter>テスト</Filter>
    </ClInclude>
    <ClInclude Include="Sigmoid.hpp">
      <Filter>ヘッダー ファイル\Layer</Filter>
    </ClInclude>
    <ClInclude Include="SGD.hpp">
      <Filter>ヘッダー ファイル\Optimizer</Filter>
    </ClInclude>
    <ClInclude Include="Optimizer.hpp">
      <Filter>ヘッダー ファイル\Optimizer</Filter>
    </ClInclude>
    <ClInclude Include="mnist\mnist_reader.hpp">
      <Filter>mnist</Filter>
    </ClInclude>
    <ClInclude Include="mnist\mnist_reader_common.hpp">
      <Filter>mnist</Filter>
    </ClInclude>
    <ClInclude Include="mnist\mnist_reader_less.hpp">
      <Filter>mnist</Filter>
    </ClInclude>
    <ClInclude Include="mnist\mnist_utils.hpp">
      <Filter>mnist</Filter>
    </ClInclude>
    <ClInclude Include="Tanh.hpp">
      <Filter>ヘッダー ファイル\Layer</Filter>
    </ClInclude>
    <ClInclude Include="Evaluation.hpp">
      <Filter>ヘッダー ファイル</Filter>
    </ClInclude>
  </ItemGroup>
  <ItemGroup>
    <ClCompile Include="Matrix.cpp">
      <Filter>ソース ファイル</Filter>
    </ClCompile>
    <ClCompile Include="Debug.cpp">
      <Filter>ソース ファイル</Filter>
    </ClCompile>
    <ClCompile Include="Timer.cpp">
      <Filter>ソース ファイル</Filter>
    </ClCompile>
    <ClCompile Include="Main.cpp">
      <Filter>ソース ファイル</Filter>
    </ClCompile>
    <ClCompile Include="TestMatrix.cpp">
      <Filter>テスト</Filter>
    </ClCompile>
    <ClCompile Include="Common.cpp">
      <Filter>ソース ファイル</Filter>
    </ClCompile>
    <ClCompile Include="Dense.cpp">
      <Filter>ソース ファイル\Layer</Filter>
    </ClCompile>
    <ClCompile Include="NeuralNetwork.cpp">
      <Filter>ソース ファイル</Filter>
    </ClCompile>
    <ClCompile Include="Initializer.cpp">
      <Filter>ソース ファイル</Filter>
    </ClCompile>
    <ClCompile Include="Flatten.cpp">
      <Filter>ソース ファイル\Layer</Filter>
    </ClCompile>
    <ClCompile Include="SoftmaxCrossEntropyError.cpp">
      <Filter>ソース ファイル\LossLayer</Filter>
    </ClCompile>
    <ClCompile Include="Random.cpp">
      <Filter>ソース ファイル</Filter>
    </ClCompile>
    <ClCompile Include="ReLU.cpp">
      <Filter>ソース ファイル\Layer</Filter>
    </ClCompile>
    <ClCompile Include="TestCommon.cpp">
      <Filter>テスト</Filter>
    </ClCompile>
    <ClCompile Include="Sigmoid.cpp">
      <Filter>ソース ファイル\Layer</Filter>
    </ClCompile>
    <ClCompile Include="SGD.cpp">
      <Filter>ソース ファイル\Optimizer</Filter>
    </ClCompile>
    <ClCompile Include="GradientCheck.cpp">
      <Filter>実験</Filter>
    </ClCompile>
    <ClCompile Include="Tanh.cpp">
      <Filter>ソース ファイル\Layer</Filter>
    </ClCompile>
    <ClCompile Include="TrainingCheck.cpp">
      <Filter>実験</Filter>
    </ClCompile>
    <ClCompile Include="Evaluation.cpp">
      <Filter>ソース ファイル</Filter>
    </ClCompile>
    <ClCompile Include="DistributionCheck.cpp">
      <Filter>実験</Filter>
    </ClCompile>
  </ItemGroup>
</Project>